{
  "nodes": {
    "autodocodec": {
      "flake": false,
      "locked": {
        "lastModified": 1784122390,
        "narHash": "sha256-BceSXoVGC5NKJyTf1j7a3HbcjeiJw2nMQbQ2Hsm+74o=",
        "owner": "NorfairKing",
        "repo": "autodocodec",
        "rev": "825b5583ae9826e468f516ddfe32a4b26f68aa8e",
        "type": "github"
      },
      "original": {
        "owner": "NorfairKing",
        "repo": "autodocodec",
        "type": "github"
      }
    },
    "fast-myers-diff": {
      "flake": false,
      "locked": {
        "lastModified": 1780340446,
        "narHash": "sha256-PvJf6cAO7K6LwOluUq6yqVlrtrHR9vxBaPuuGVeXCUA=",
        "owner": "NorfairKing",
        "repo": "fast-myers-diff",
        "rev": "78ac171911bac6a9aafc2c9a642012c5a0e731f0",
        "type": "github"
      },
      "original": {
        "owner": "NorfairKing",
        "repo": "fast-myers-diff",
        "type": "github"
      }
    },
    "flake-compat": {
      "flake": false,
      "locked": {
        "lastModified": 1767039857,
        "narHash": "sha256-vNpUSpF5Nuw8xvDLj2KCwwksIbjua2LZCqhV1LNRDns=",
        "owner": "NixOS",
        "repo": "flake-compat",
        "rev": "5edf11c44bc78a0d334f6334cdaf7d60d732daab",
        "type": "github"
      },
      "original": {
        "owner": "NixOS",
        "repo": "flake-compat",
        "type": "github"
      }
    },
    "nixpkgs": {
      "locked": {
        "lastModified": 1786430034,
        "narHash": "sha256-Vux08kA5PICwS2sViCMfwVLAHNoH8TkKAeBo25LjpMI=",
        "owner": "NixOS",
        "repo": "nixpkgs",
        "rev": "70cc4559b10a6062b05ff1af17e0add065ccaed9",
        "type": "github"
      },
      "original": {
        "owner": "NixOS",
        "ref": "nixos-26.05",
        "repo": "nixpkgs",
        "type": "github"
      }
    },
    "nixpkgs_2": {
      "locked": {
        "lastModified": 1782918843,
        "narHash": "sha256-ETYnV9U7Sr+A45dohzZdfCZKOss4qrTkO+wgNZNvEc0=",
        "owner": "NixOS",
        "repo": "nixpkgs",
        "rev": "e8273b29fe1390ec8d4603f2477357555291432e",
        "type": "github"
      },
      "original": {
        "owner": "NixOS",
        "ref": "nixpkgs-unstable",
        "repo": "nixpkgs",
        "type": "github"
      }
    },
    "opt-env-conf": {
      "flake": false,
      "locked": {
        "lastModified": 1786534088,
        "narHash": "sha256-J5ntwZ02kDMJMYZ0f/IXmZ6oNgiYflaHMBhzIvz4mEw=",
        "owner": "NorfairKing",
        "repo": "opt-env-conf",
        "rev": "6c6b8025ca3cadb13daffe8215425d875d88a4ce",
        "type": "github"
      },
      "original": {
        "owner": "NorfairKing",
        "repo": "opt-env-conf",
        "type": "github"
      }
    },
    "pre-commit-hooks": {
      "inputs": {
        "flake-compat": "flake-compat",
        "nixpkgs": "nixpkgs_2"
      },
      "locked": {
        "lastModified": 1784288435,
        "narHash": "sha256-ReRHaLgr/uVqdD8afFSn+myXIfpHeOhP0yYe0TJqAA8=",
        "owner": "cachix",
        "repo": "pre-commit-hooks.nix",
        "rev": "43b3c1ab9d40fb1dbb008f451988a91e375825e9",
        "type": "github"
      },
      "original": {
        "owner": "cachix",
        "repo": "pre-commit-hooks.nix",
        "type": "github"
      }
    },
    "root": {
      "inputs": {
        "autodocodec": "autodocodec",
        "fast-myers-diff": "fast-myers-diff",
        "nixpkgs": "nixpkgs",
        "opt-env-conf": "opt-env-conf",
        "pre-commit-hooks": "pre-commit-hooks",
        "safe-coloured-text": "safe-coloured-text",
        "sydtest": "sydtest",
        "validity": "validity"
      }
    },
    "safe-coloured-text": {
      "flake": false,
      "locked": {
        "lastModified": 1784903337,
        "narHash": "sha256-5FCPqh/vyZk2hwdTxS8+JVcP0TOoJ2GVq+XLIC2zQLs=",
        "owner": "NorfairKing",
        "repo": "safe-coloured-text",
        "rev": "b228e0e8dabf628581a56240aefc3e6e1b3694e6",
        "type": "github"
      },
      "original": {
        "owner": "NorfairKing",
        "repo": "safe-coloured-text",
        "type": "github"
      }
    },
    "sydtest": {
      "flake": false,
      "locked": {
        "lastModified": 1786461837,
        "narHash": "sha256-/dVy2VGHjE9nbD6ltWuIub8dYcGQZAyTQuUmepHb2D8=",
        "owner": "NorfairKing",
        "repo": "sydtest",
        "rev": "cddbbeab37a45374983bb2f8f71013df527c3671",
        "type": "github"
      },
      "original": {
        "owner": "NorfairKing",
        "repo": "sydtest",
        "type": "github"
      }
    },
    "validity": {
      "flake": false,
      "locked": {
        "lastModified": 1780324029,
        "narHash": "sha256-IpDsNcENUZWYS9wsB575Gk2kL4WsTJYA6949joTOjP4=",
        "owner": "NorfairKing",
        "repo": "validity",
        "rev": "456dfd9e4ef7906d33ce70f3f5fdf204a12cce8e",
        "type": "github"
      },
      "original": {
        "owner": "NorfairKing",
        "repo": "validity",
        "type": "github"
      }
    }
  },
  "root": "root",
  "version": 7
}
