{
  "nodes": {
    "autodocodec": {
      "flake": false,
      "locked": {
        "lastModified": 1764669394,
        "narHash": "sha256-7NuzHgqDrSBLf3QLxJeA9c/d2bMpKBbcSQ+UejtAlH8=",
        "owner": "NorfairKing",
        "repo": "autodocodec",
        "rev": "ac2c02071d7da65b09b3ccfe41c0b60a07794d68",
        "type": "github"
      },
      "original": {
        "owner": "NorfairKing",
        "repo": "autodocodec",
        "type": "github"
      }
    },
    "fast-myers-diff": {
      "flake": false,
      "locked": {
        "lastModified": 1764754983,
        "narHash": "sha256-kHKm3pU3KQ2dkFlDnUs2jO34SnBDRau6M3khUZtMx5E=",
        "owner": "NorfairKing",
        "repo": "fast-myers-diff",
        "rev": "258b03d62c679d693e13730606877bf248079b0e",
        "type": "github"
      },
      "original": {
        "owner": "NorfairKing",
        "repo": "fast-myers-diff",
        "type": "github"
      }
    },
    "flake-compat": {
      "flake": false,
      "locked": {
        "lastModified": 1767039857,
        "narHash": "sha256-vNpUSpF5Nuw8xvDLj2KCwwksIbjua2LZCqhV1LNRDns=",
        "owner": "NixOS",
        "repo": "flake-compat",
        "rev": "5edf11c44bc78a0d334f6334cdaf7d60d732daab",
        "type": "github"
      },
      "original": {
        "owner": "NixOS",
        "repo": "flake-compat",
        "type": "github"
      }
    },
    "gitignore": {
      "inputs": {
        "nixpkgs": [
          "pre-commit-hooks",
          "nixpkgs"
        ]
      },
      "locked": {
        "lastModified": 1709087332,
        "narHash": "sha256-HG2cCnktfHsKV0s4XW83gU3F57gaTljL9KNSuG6bnQs=",
        "owner": "hercules-ci",
        "repo": "gitignore.nix",
        "rev": "637db329424fd7e46cf4185293b9cc8c88c95394",
        "type": "github"
      },
      "original": {
        "owner": "hercules-ci",
        "repo": "gitignore.nix",
        "type": "github"
      }
    },
    "nixpkgs": {
      "locked": {
        "lastModified": 1773705440,
        "narHash": "sha256-xB30bbAp0e7ogSEYyc126mAJMt4FRFh8wtm6ADE1xuM=",
        "owner": "NixOS",
        "repo": "nixpkgs",
        "rev": "48652e9d5aea46e555b3df87354280d4f29cd3a3",
        "type": "github"
      },
      "original": {
        "owner": "NixOS",
        "ref": "nixos-25.11",
        "repo": "nixpkgs",
        "type": "github"
      }
    },
    "nixpkgs_2": {
      "locked": {
        "lastModified": 1770073757,
        "narHash": "sha256-Vy+G+F+3E/Tl+GMNgiHl9Pah2DgShmIUBJXmbiQPHbI=",
        "owner": "NixOS",
        "repo": "nixpkgs",
        "rev": "47472570b1e607482890801aeaf29bfb749884f6",
        "type": "github"
      },
      "original": {
        "owner": "NixOS",
        "ref": "nixpkgs-unstable",
        "repo": "nixpkgs",
        "type": "github"
      }
    },
    "opt-env-conf": {
      "flake": false,
      "locked": {
        "lastModified": 1773773973,
        "narHash": "sha256-gmae4Z1G+d8DyVTXgUw7WP77ylGtJFGmOrl48C+7Mw0=",
        "owner": "NorfairKing",
        "repo": "opt-env-conf",
        "rev": "bde012fce0f4fd1db53ce74a2d91c43eacef65a9",
        "type": "github"
      },
      "original": {
        "owner": "NorfairKing",
        "repo": "opt-env-conf",
        "type": "github"
      }
    },
    "pre-commit-hooks": {
      "inputs": {
        "flake-compat": "flake-compat",
        "gitignore": "gitignore",
        "nixpkgs": "nixpkgs_2"
      },
      "locked": {
        "lastModified": 1772893680,
        "narHash": "sha256-JDqZMgxUTCq85ObSaFw0HhE+lvdOre1lx9iI6vYyOEs=",
        "owner": "cachix",
        "repo": "pre-commit-hooks.nix",
        "rev": "8baab586afc9c9b57645a734c820e4ac0a604af9",
        "type": "github"
      },
      "original": {
        "owner": "cachix",
        "repo": "pre-commit-hooks.nix",
        "type": "github"
      }
    },
    "root": {
      "inputs": {
        "autodocodec": "autodocodec",
        "fast-myers-diff": "fast-myers-diff",
        "nixpkgs": "nixpkgs",
        "opt-env-conf": "opt-env-conf",
        "pre-commit-hooks": "pre-commit-hooks",
        "safe-coloured-text": "safe-coloured-text",
        "sydtest": "sydtest",
        "validity": "validity"
      }
    },
    "safe-coloured-text": {
      "flake": false,
      "locked": {
        "lastModified": 1764668050,
        "narHash": "sha256-ylZB/gDmGlnTSaQQMkt0/WPtES7T+e51gO93VXCFZ7Y=",
        "owner": "NorfairKing",
        "repo": "safe-coloured-text",
        "rev": "cc3666b9663a406583c6f7cdfccdfeb6dd2a0b10",
        "type": "github"
      },
      "original": {
        "owner": "NorfairKing",
        "repo": "safe-coloured-text",
        "type": "github"
      }
    },
    "sydtest": {
      "flake": false,
      "locked": {
        "lastModified": 1772108420,
        "narHash": "sha256-yGD0mdiOPJEY5VfIqoPBbL3Y2xmLlzpxPxhhwu/OHAk=",
        "owner": "NorfairKing",
        "repo": "sydtest",
        "rev": "d2e3a5b1c4f5e09ce61519b4b60e51303acd8d15",
        "type": "github"
      },
      "original": {
        "owner": "NorfairKing",
        "repo": "sydtest",
        "type": "github"
      }
    },
    "validity": {
      "flake": false,
      "locked": {
        "lastModified": 1770891707,
        "narHash": "sha256-lEhYLrFuPd3aGUT9UNA+d9zvGYy+jObJFb0Mj2h2K78=",
        "owner": "NorfairKing",
        "repo": "validity",
        "rev": "4458f2b4c2104b993b3f1cc13e4a634979adf1ad",
        "type": "github"
      },
      "original": {
        "owner": "NorfairKing",
        "repo": "validity",
        "type": "github"
      }
    }
  },
  "root": "root",
  "version": 7
}
